
Microsoft Visual Studio Solution File, Format Version 12.00
# Visual Studio Version 17
VisualStudioVersion = 17.6.33829.357
MinimumVisualStudioVersion = 10.0.40219.1
Project("{FAE04EC0-301F-11D3-BF4B-00C04F79EFBC}") = "OtelUygulamasi", "OtelUygulamasi\OtelUygulamasi.csproj", "{17642211-27DE-4890-89AD-72E141286E7A}"
EndProject
Project("{FAE04EC0-301F-11D3-BF4B-00C04F79EFBC}") = "EntityLayer", "EntityLayer\EntityLayer.csproj", "{400510F5-FC3E-426D-AC76-45C38F67DBE3}"
EndProject
Project("{FAE04EC0-301F-11D3-BF4B-00C04F79EFBC}") = "DataAccessLayer", "DataAccessLayer\DataAccessLayer.csproj", "{D486FEDF-5070-45D5-A1EF-DCA96DBA7F38}"
EndProject
Project("{FAE04EC0-301F-11D3-BF4B-00C04F79EFBC}") = "BusinessLayer", "BusinessLayer\BusinessLayer.csproj", "{F88E84B0-B6D5-4DCC-A199-2C5B740A0490}"
EndProject
Global
	GlobalSection(SolutionConfigurationPlatforms) = preSolution
		Debug|Any CPU = Debug|Any CPU
		Release|Any CPU = Release|Any CPU
	EndGlobalSection
	GlobalSection(ProjectConfigurationPlatforms) = postSolution
		{17642211-27DE-4890-89AD-72E141286E7A}.Debug|Any CPU.ActiveCfg = Debug|Any CPU
		{17642211-27DE-4890-89AD-72E141286E7A}.Debug|Any CPU.Build.0 = Debug|Any CPU
		{17642211-27DE-4890-89AD-72E141286E7A}.Release|Any CPU.ActiveCfg = Release|Any CPU
		{17642211-27DE-4890-89AD-72E141286E7A}.Release|Any CPU.Build.0 = Release|Any CPU
		{400510F5-FC3E-426D-AC76-45C38F67DBE3}.Debug|Any CPU.ActiveCfg = Debug|Any CPU
		{400510F5-FC3E-426D-AC76-45C38F67DBE3}.Debug|Any CPU.Build.0 = Debug|Any CPU
		{400510F5-FC3E-426D-AC76-45C38F67DBE3}.Release|Any CPU.ActiveCfg = Release|Any CPU
		{400510F5-FC3E-426D-AC76-45C38F67DBE3}.Release|Any CPU.Build.0 = Release|Any CPU
		{D486FEDF-5070-45D5-A1EF-DCA96DBA7F38}.Debug|Any CPU.ActiveCfg = Debug|Any CPU
		{D486FEDF-5070-45D5-A1EF-DCA96DBA7F38}.Debug|Any CPU.Build.0 = Debug|Any CPU
		{D486FEDF-5070-45D5-A1EF-DCA96DBA7F38}.Release|Any CPU.ActiveCfg = Release|Any CPU
		{D486FEDF-5070-45D5-A1EF-DCA96DBA7F38}.Release|Any CPU.Build.0 = Release|Any CPU
		{F88E84B0-B6D5-4DCC-A199-2C5B740A0490}.Debug|Any CPU.ActiveCfg = Debug|Any CPU
		{F88E84B0-B6D5-4DCC-A199-2C5B740A0490}.Debug|Any CPU.Build.0 = Debug|Any CPU
		{F88E84B0-B6D5-4DCC-A199-2C5B740A0490}.Release|Any CPU.ActiveCfg = Release|Any CPU
		{F88E84B0-B6D5-4DCC-A199-2C5B740A0490}.Release|Any CPU.Build.0 = Release|Any CPU
	EndGlobalSection
	GlobalSection(SolutionProperties) = preSolution
		HideSolutionNode = FALSE
	EndGlobalSection
	GlobalSection(ExtensibilityGlobals) = postSolution
		SolutionGuid = {8A14C46C-1ECA-4C0F-9658-872D72EAFEA6}
	EndGlobalSection
EndGlobal
